
Microsoft Visual Studio Solution File, Format Version 12.00
# Visual Studio Version 16
VisualStudioVersion = 16.0.29911.84
MinimumVisualStudioVersion = 10.0.40219.1
Project("{FAE04EC0-301F-11D3-BF4B-00C04F79EFBC}") = "2048 Game", "2048 Game\2048 Game.csproj", "{88A0F896-FDE3-41B7-A4A4-CD830D284017}"
EndProject
Global
	GlobalSection(SolutionConfigurationPlatforms) = preSolution
		Debug|Any CPU = Debug|Any CPU
		Release|Any CPU = Release|Any CPU
	EndGlobalSection
	GlobalSection(ProjectConfigurationPlatforms) = postSolution
		{88A0F896-FDE3-41B7-A4A4-CD830D284017}.Debug|Any CPU.ActiveCfg = Debug|Any CPU
		{88A0F896-FDE3-41B7-A4A4-CD830D284017}.Debug|Any CPU.Build.0 = Debug|Any CPU
		{88A0F896-FDE3-41B7-A4A4-CD830D284017}.Release|Any CPU.ActiveCfg = Release|Any CPU
		{88A0F896-FDE3-41B7-A4A4-CD830D284017}.Release|Any CPU.Build.0 = Release|Any CPU
	EndGlobalSection
	GlobalSection(SolutionProperties) = preSolution
		HideSolutionNode = FALSE
	EndGlobalSection
	GlobalSection(ExtensibilityGlobals) = postSolution
		SolutionGuid = {B7066006-DF0E-4C74-BF56-BAE761C60D99}
	EndGlobalSection
EndGlobal
